PODS:
  - Expecta (1.0.6)
  - Specta (1.0.5)

DEPENDENCIES:
  - Expecta (from `https://github.com/specta/expecta.git`)
  - Specta (from `https://github.com/specta/specta.git`, branch `xcode_8`)

EXTERNAL SOURCES:
  Expecta:
    :git: https://github.com/specta/expecta.git
  Specta:
    :branch: xcode_8
    :git: https://github.com/specta/specta.git

CHECKOUT OPTIONS:
  Expecta:
    :commit: fc2dd8bf29b8e4edbfeb4639a98b5d87bea03e19
    :git: https://github.com/specta/expecta.git
  Specta:
    :commit: 18952b7cf59a1b2b1e1e7e9c0772ac381743f501
    :git: https://github.com/specta/specta.git

SPEC CHECKSUMS:
  Expecta: 3b6bd90a64b9a1dcb0b70aa0e10a7f8f631667d5
  Specta: c89c6d4560eda861dcc5f50c2060a398b3073426

PODFILE CHECKSUM: 19789fe7adfa24c4cda4436c6f67d1a2021a8c7a

COCOAPODS: 1.5.0
