// !$*UTF8*$!
{
	archiveVersion = 1;
	classes = {
	};
	objectVersion = 46;
	objects = {

/* Begin PBXBuildFile section */
		75C5C0EA222D9A2400607020 /* HKWCustomAttributes.m in Sources */ = {isa = PBXBuildFile; fileRef = 75C5C0E9222D9A2400607020 /* HKWCustomAttributes.m */; };
		77004FD7B4A6E9EDAD723CA9 /* libPods-Hakawai.a in Frameworks */ = {isa = PBXBuildFile; fileRef = 6238CF1B85D9D08466AD7A9C /* libPods-Hakawai.a */; };
		7B2F035424E366C300C98454 /* HKWMentionsPluginV1.m in Sources */ = {isa = PBXBuildFile; fileRef = 7B2F035024E366C200C98454 /* HKWMentionsPluginV1.m */; };
		7B2F035524E366C300C98454 /* HKWMentionsPluginV2.m in Sources */ = {isa = PBXBuildFile; fileRef = 7B2F035324E366C300C98454 /* HKWMentionsPluginV2.m */; };
		8B5E141025A313AA0044A675 /* HKWMentionsCreationStateMachine.m in Sources */ = {isa = PBXBuildFile; fileRef = 8B5E140E25A313AA0044A675 /* HKWMentionsCreationStateMachine.m */; };
		9C65FBC81F607DEB004A9CB4 /* HKWLayoutManagerTests.m in Sources */ = {isa = PBXBuildFile; fileRef = 9C65FBC61F607DEB004A9CB4 /* HKWLayoutManagerTests.m */; };
		9C65FBC91F607DEB004A9CB4 /* HKWMentionsPluginTests.m in Sources */ = {isa = PBXBuildFile; fileRef = 9C65FBC71F607DEB004A9CB4 /* HKWMentionsPluginTests.m */; };
		B149A63E2106291D00AFEAFB /* HKWMentionsCreationStateMachineTest.m in Sources */ = {isa = PBXBuildFile; fileRef = B149A63D2106291D00AFEAFB /* HKWMentionsCreationStateMachineTest.m */; };
		B149A6432106294C00AFEAFB /* HKWTDummyMentionsManager.m in Sources */ = {isa = PBXBuildFile; fileRef = B149A63F2106294C00AFEAFB /* HKWTDummyMentionsManager.m */; };
		B149A6442106294C00AFEAFB /* HKWTDummyMentionEntity.m in Sources */ = {isa = PBXBuildFile; fileRef = B149A6422106294C00AFEAFB /* HKWTDummyMentionEntity.m */; };
		DB8802B2249D498900BE185F /* HKWMentionDataProvider.m in Sources */ = {isa = PBXBuildFile; fileRef = DB8802B1249D498900BE185F /* HKWMentionDataProvider.m */; };
		E11DF8D119EC8DA30072F4AD /* HKWTextView+TextTransformation.m in Sources */ = {isa = PBXBuildFile; fileRef = E11DF8D019EC8DA30072F4AD /* HKWTextView+TextTransformation.m */; };
		E1233BFC19A303620052217A /* HKWTextViewPluginTests.m in Sources */ = {isa = PBXBuildFile; fileRef = E1233BFB19A303620052217A /* HKWTextViewPluginTests.m */; };
		E1233C0019A3089B0052217A /* HKWTBasicDummyPlugin.m in Sources */ = {isa = PBXBuildFile; fileRef = E1233BFF19A3089B0052217A /* HKWTBasicDummyPlugin.m */; };
		E1233C0319A3090B0052217A /* HKWTControlFlowDummyPlugin.m in Sources */ = {isa = PBXBuildFile; fileRef = E1233C0219A3090B0052217A /* HKWTControlFlowDummyPlugin.m */; };
		E1233C0619A30EC80052217A /* HKWTextViewSingleLineViewportModeTests.m in Sources */ = {isa = PBXBuildFile; fileRef = E1233C0519A30EC80052217A /* HKWTextViewSingleLineViewportModeTests.m */; };
		E1233C0919A3C6680052217A /* HKWTextViewAttributeTransformerTests.m in Sources */ = {isa = PBXBuildFile; fileRef = E1233C0819A3C6680052217A /* HKWTextViewAttributeTransformerTests.m */; };
		E187EE5E19E62F9100AF163A /* HKWAbstractionLayer.m in Sources */ = {isa = PBXBuildFile; fileRef = E187EE5D19E62F9100AF163A /* HKWAbstractionLayer.m */; };
		E1B3088119A2C0D60096DE0E /* HKWAttribute.m in Sources */ = {isa = PBXBuildFile; fileRef = E1B3087019A2C0D60096DE0E /* HKWAttribute.m */; };
		E1B3088219A2C0D60096DE0E /* HKWTextView+Extras.m in Sources */ = {isa = PBXBuildFile; fileRef = E1B3087419A2C0D60096DE0E /* HKWTextView+Extras.m */; };
		E1B3088319A2C0D60096DE0E /* HKWTextView+Plugins.m in Sources */ = {isa = PBXBuildFile; fileRef = E1B3087619A2C0D60096DE0E /* HKWTextView+Plugins.m */; };
		E1B3088519A2C0D60096DE0E /* HKWTextView.m in Sources */ = {isa = PBXBuildFile; fileRef = E1B3087A19A2C0D60096DE0E /* HKWTextView.m */; };
		E1B3088619A2C0D60096DE0E /* HKWLayoutManager.m in Sources */ = {isa = PBXBuildFile; fileRef = E1B3087E19A2C0D60096DE0E /* HKWLayoutManager.m */; };
		E1B3088719A2C0D60096DE0E /* HKWRoundedRectBackgroundAttributeValue.m in Sources */ = {isa = PBXBuildFile; fileRef = E1B3088019A2C0D60096DE0E /* HKWRoundedRectBackgroundAttributeValue.m */; };
		E1B3089319A2C1890096DE0E /* HKWMentionsAttribute.m in Sources */ = {isa = PBXBuildFile; fileRef = E1B3088B19A2C1890096DE0E /* HKWMentionsAttribute.m */; };
		E1B3089619A2C1890096DE0E /* HKWMentionsStartDetectionStateMachine.m in Sources */ = {isa = PBXBuildFile; fileRef = E1B3089219A2C1890096DE0E /* HKWMentionsStartDetectionStateMachine.m */; };
		E1B308A419A2C21A0096DE0E /* HKWDefaultChooserArrowView.m in Sources */ = {isa = PBXBuildFile; fileRef = E1B3089A19A2C21A0096DE0E /* HKWDefaultChooserArrowView.m */; };
		E1B308A519A2C21A0096DE0E /* HKWDefaultChooserBorderView.m in Sources */ = {isa = PBXBuildFile; fileRef = E1B3089C19A2C21A0096DE0E /* HKWDefaultChooserBorderView.m */; };
		E1B308A719A2C21A0096DE0E /* HKWDefaultChooserView.m in Sources */ = {isa = PBXBuildFile; fileRef = E1B308A019A2C21A0096DE0E /* HKWDefaultChooserView.m */; };
		E1C9676019A2A66000A4AA93 /* Foundation.framework in Frameworks */ = {isa = PBXBuildFile; fileRef = E1C9675F19A2A66000A4AA93 /* Foundation.framework */; };
		E1C9676E19A2A66000A4AA93 /* XCTest.framework in Frameworks */ = {isa = PBXBuildFile; fileRef = E1C9676D19A2A66000A4AA93 /* XCTest.framework */; };
		E1C9676F19A2A66000A4AA93 /* Foundation.framework in Frameworks */ = {isa = PBXBuildFile; fileRef = E1C9675F19A2A66000A4AA93 /* Foundation.framework */; };
		E1C9677119A2A66000A4AA93 /* UIKit.framework in Frameworks */ = {isa = PBXBuildFile; fileRef = E1C9677019A2A66000A4AA93 /* UIKit.framework */; };
		E1C9677419A2A66000A4AA93 /* libHakawai.a in Frameworks */ = {isa = PBXBuildFile; fileRef = E1C9675C19A2A66000A4AA93 /* libHakawai.a */; };
		E1C9677A19A2A66000A4AA93 /* InfoPlist.strings in Resources */ = {isa = PBXBuildFile; fileRef = E1C9677819A2A66000A4AA93 /* InfoPlist.strings */; };
		E1D5501719A2EDF9001DCF1F /* HKWTextViewExtrasTests.m in Sources */ = {isa = PBXBuildFile; fileRef = E1D5501619A2EDF9001DCF1F /* HKWTextViewExtrasTests.m */; };
		E1D5501A19A2F479001DCF1F /* HKWTextViewAutoXTests.m in Sources */ = {isa = PBXBuildFile; fileRef = E1D5501919A2F479001DCF1F /* HKWTextViewAutoXTests.m */; };
		E1D5501D19A2F77A001DCF1F /* HKWTextViewAccessoryViewTests.m in Sources */ = {isa = PBXBuildFile; fileRef = E1D5501C19A2F77A001DCF1F /* HKWTextViewAccessoryViewTests.m */; };
		E1DC1F8D19A2D38B00BCF8C7 /* HKWTextViewTextTransformerTests.m in Sources */ = {isa = PBXBuildFile; fileRef = E1DC1F8C19A2D38B00BCF8C7 /* HKWTextViewTextTransformerTests.m */; };
		F8AB7CC9488708A5986C384E /* libPods-HakawaiTests.a in Frameworks */ = {isa = PBXBuildFile; fileRef = 108C7818835593A0608E8CD0 /* libPods-HakawaiTests.a */; };
/* End PBXBuildFile section */

/* Begin PBXContainerItemProxy section */
		E1C9677219A2A66000A4AA93 /* PBXContainerItemProxy */ = {
			isa = PBXContainerItemProxy;
			containerPortal = E1C9675419A2A66000A4AA93 /* Project object */;
			proxyType = 1;
			remoteGlobalIDString = E1C9675B19A2A66000A4AA93;
			remoteInfo = Hakawai;
		};
/* End PBXContainerItemProxy section */

/* Begin PBXCopyFilesBuildPhase section */
		E1C9675A19A2A66000A4AA93 /* CopyFiles */ = {
			isa = PBXCopyFilesBuildPhase;
			buildActionMask = 2147483647;
			dstPath = "include/$(PRODUCT_NAME)";
			dstSubfolderSpec = 16;
			files = (
			);
			runOnlyForDeploymentPostprocessing = 0;
		};
/* End PBXCopyFilesBuildPhase section */

/* Begin PBXFileReference section */
		108C7818835593A0608E8CD0 /* libPods-HakawaiTests.a */ = {isa = PBXFileReference; explicitFileType = archive.ar; includeInIndex = 0; path = "libPods-HakawaiTests.a"; sourceTree = BUILT_PRODUCTS_DIR; };
		310429A28E50270CAF668021 /* Pods-HakawaiTests.release.xcconfig */ = {isa = PBXFileReference; includeInIndex = 1; lastKnownFileType = text.xcconfig; name = "Pods-HakawaiTests.release.xcconfig"; path = "Pods/Target Support Files/Pods-HakawaiTests/Pods-HakawaiTests.release.xcconfig"; sourceTree = "<group>"; };
		44A295D52212320C00B73558 /* Hakawai.common.warnings.xcconfig */ = {isa = PBXFileReference; fileEncoding = 4; lastKnownFileType = text.xcconfig; name = Hakawai.common.warnings.xcconfig; path = xcconfigs/Hakawai.common.warnings.xcconfig; sourceTree = SOURCE_ROOT; };
		44A295D722124BAB00B73558 /* Hakawai.common.xcconfig */ = {isa = PBXFileReference; fileEncoding = 4; lastKnownFileType = text.xcconfig; name = Hakawai.common.xcconfig; path = xcconfigs/Hakawai.common.xcconfig; sourceTree = SOURCE_ROOT; };
		44A295D822134C7600B73558 /* Hakawai.debug.xcconfig */ = {isa = PBXFileReference; fileEncoding = 4; lastKnownFileType = text.xcconfig; name = Hakawai.debug.xcconfig; path = xcconfigs/Hakawai.debug.xcconfig; sourceTree = SOURCE_ROOT; };
		44A295D922134C7600B73558 /* Hakawai.release.xcconfig */ = {isa = PBXFileReference; fileEncoding = 4; lastKnownFileType = text.xcconfig; name = Hakawai.release.xcconfig; path = xcconfigs/Hakawai.release.xcconfig; sourceTree = SOURCE_ROOT; };
		6238CF1B85D9D08466AD7A9C /* libPods-Hakawai.a */ = {isa = PBXFileReference; explicitFileType = archive.ar; includeInIndex = 0; path = "libPods-Hakawai.a"; sourceTree = BUILT_PRODUCTS_DIR; };
		75C5C0E9222D9A2400607020 /* HKWCustomAttributes.m */ = {isa = PBXFileReference; fileEncoding = 4; lastKnownFileType = sourcecode.c.objc; path = HKWCustomAttributes.m; sourceTree = "<group>"; };
		7B2F035024E366C200C98454 /* HKWMentionsPluginV1.m */ = {isa = PBXFileReference; fileEncoding = 4; lastKnownFileType = sourcecode.c.objc; name = HKWMentionsPluginV1.m; path = Mentions/HKWMentionsPluginV1.m; sourceTree = "<group>"; };
		7B2F035124E366C200C98454 /* HKWMentionsPluginV1.h */ = {isa = PBXFileReference; fileEncoding = 4; lastKnownFileType = sourcecode.c.h; name = HKWMentionsPluginV1.h; path = Mentions/HKWMentionsPluginV1.h; sourceTree = "<group>"; };
		7B2F035224E366C200C98454 /* HKWMentionsPluginV2.h */ = {isa = PBXFileReference; fileEncoding = 4; lastKnownFileType = sourcecode.c.h; name = HKWMentionsPluginV2.h; path = Mentions/HKWMentionsPluginV2.h; sourceTree = "<group>"; };
		7B2F035324E366C300C98454 /* HKWMentionsPluginV2.m */ = {isa = PBXFileReference; fileEncoding = 4; lastKnownFileType = sourcecode.c.objc; name = HKWMentionsPluginV2.m; path = Mentions/HKWMentionsPluginV2.m; sourceTree = "<group>"; };
		8B5E140E25A313AA0044A675 /* HKWMentionsCreationStateMachine.m */ = {isa = PBXFileReference; fileEncoding = 4; lastKnownFileType = sourcecode.c.objc; name = HKWMentionsCreationStateMachine.m; path = Mentions/HKWMentionsCreationStateMachine.m; sourceTree = "<group>"; };
		8B5E140F25A313AA0044A675 /* HKWMentionsCreationStateMachineProtocol.h */ = {isa = PBXFileReference; fileEncoding = 4; lastKnownFileType = sourcecode.c.h; name = HKWMentionsCreationStateMachineProtocol.h; path = Mentions/HKWMentionsCreationStateMachineProtocol.h; sourceTree = "<group>"; };
		91FF0C96BCF39C932C98A368 /* Pods-HakawaiTests.debug.xcconfig */ = {isa = PBXFileReference; includeInIndex = 1; lastKnownFileType = text.xcconfig; name = "Pods-HakawaiTests.debug.xcconfig"; path = "Pods/Target Support Files/Pods-HakawaiTests/Pods-HakawaiTests.debug.xcconfig"; sourceTree = "<group>"; };
		9C65FBC61F607DEB004A9CB4 /* HKWLayoutManagerTests.m */ = {isa = PBXFileReference; fileEncoding = 4; lastKnownFileType = sourcecode.c.objc; path = HKWLayoutManagerTests.m; sourceTree = "<group>"; };
		9C65FBC71F607DEB004A9CB4 /* HKWMentionsPluginTests.m */ = {isa = PBXFileReference; fileEncoding = 4; lastKnownFileType = sourcecode.c.objc; path = HKWMentionsPluginTests.m; sourceTree = "<group>"; };
		B05DA0DBC0625091FC4456C0 /* Pods-Hakawai.release.xcconfig */ = {isa = PBXFileReference; includeInIndex = 1; lastKnownFileType = text.xcconfig; name = "Pods-Hakawai.release.xcconfig"; path = "Pods/Target Support Files/Pods-Hakawai/Pods-Hakawai.release.xcconfig"; sourceTree = "<group>"; };
		B149A63D2106291D00AFEAFB /* HKWMentionsCreationStateMachineTest.m */ = {isa = PBXFileReference; fileEncoding = 4; lastKnownFileType = sourcecode.c.objc; path = HKWMentionsCreationStateMachineTest.m; sourceTree = "<group>"; };
		B149A63F2106294C00AFEAFB /* HKWTDummyMentionsManager.m */ = {isa = PBXFileReference; fileEncoding = 4; lastKnownFileType = sourcecode.c.objc; name = HKWTDummyMentionsManager.m; path = "Supporting Classes/HKWTDummyMentionsManager.m"; sourceTree = "<group>"; };
		B149A6402106294C00AFEAFB /* HKWTDummyMentionEntity.h */ = {isa = PBXFileReference; fileEncoding = 4; lastKnownFileType = sourcecode.c.h; name = HKWTDummyMentionEntity.h; path = "Supporting Classes/HKWTDummyMentionEntity.h"; sourceTree = "<group>"; };
		B149A6412106294C00AFEAFB /* HKWTDummyMentionsManager.h */ = {isa = PBXFileReference; fileEncoding = 4; lastKnownFileType = sourcecode.c.h; name = HKWTDummyMentionsManager.h; path = "Supporting Classes/HKWTDummyMentionsManager.h"; sourceTree = "<group>"; };
		B149A6422106294C00AFEAFB /* HKWTDummyMentionEntity.m */ = {isa = PBXFileReference; fileEncoding = 4; lastKnownFileType = sourcecode.c.objc; name = HKWTDummyMentionEntity.m; path = "Supporting Classes/HKWTDummyMentionEntity.m"; sourceTree = "<group>"; };
		C7279F7F7F1F30EF0603FB9B /* Pods-Hakawai.debug.xcconfig */ = {isa = PBXFileReference; includeInIndex = 1; lastKnownFileType = text.xcconfig; name = "Pods-Hakawai.debug.xcconfig"; path = "Pods/Target Support Files/Pods-Hakawai/Pods-Hakawai.debug.xcconfig"; sourceTree = "<group>"; };
		DB8802B1249D498900BE185F /* HKWMentionDataProvider.m */ = {isa = PBXFileReference; lastKnownFileType = sourcecode.c.objc; name = HKWMentionDataProvider.m; path = Mentions/HKWMentionDataProvider.m; sourceTree = "<group>"; };
		DBA02B9024C23EA1000C7F79 /* HKWMentionsCustomChooserViewDelegate.h */ = {isa = PBXFileReference; fileEncoding = 4; lastKnownFileType = sourcecode.c.h; name = HKWMentionsCustomChooserViewDelegate.h; path = Mentions/HKWMentionsCustomChooserViewDelegate.h; sourceTree = "<group>"; };
		DBA02B9124C23EB2000C7F79 /* HKWMentionsDefaultChooserViewDelegate.h */ = {isa = PBXFileReference; lastKnownFileType = sourcecode.c.h; name = HKWMentionsDefaultChooserViewDelegate.h; path = Mentions/HKWMentionsDefaultChooserViewDelegate.h; sourceTree = "<group>"; };
		DBF74CEC24C8DA5500B42B96 /* HKWMentionDataProvider.h */ = {isa = PBXFileReference; fileEncoding = 4; lastKnownFileType = sourcecode.c.h; name = HKWMentionDataProvider.h; path = Mentions/HKWMentionDataProvider.h; sourceTree = "<group>"; };
		DBF74CF024C9395B00B42B96 /* _HKWMentionsCreationStateMachine.h */ = {isa = PBXFileReference; fileEncoding = 4; lastKnownFileType = sourcecode.c.h; name = _HKWMentionsCreationStateMachine.h; path = Mentions/_HKWMentionsCreationStateMachine.h; sourceTree = "<group>"; };
		E11DF8CF19EC8DA30072F4AD /* HKWTextView+TextTransformation.h */ = {isa = PBXFileReference; fileEncoding = 4; lastKnownFileType = sourcecode.c.h; path = "HKWTextView+TextTransformation.h"; sourceTree = "<group>"; };
		E11DF8D019EC8DA30072F4AD /* HKWTextView+TextTransformation.m */ = {isa = PBXFileReference; fileEncoding = 4; lastKnownFileType = sourcecode.c.objc; path = "HKWTextView+TextTransformation.m"; sourceTree = "<group>"; };
		E1233BFB19A303620052217A /* HKWTextViewPluginTests.m */ = {isa = PBXFileReference; fileEncoding = 4; lastKnownFileType = sourcecode.c.objc; path = HKWTextViewPluginTests.m; sourceTree = "<group>"; };
		E1233BFE19A3089B0052217A /* HKWTBasicDummyPlugin.h */ = {isa = PBXFileReference; fileEncoding = 4; lastKnownFileType = sourcecode.c.h; name = HKWTBasicDummyPlugin.h; path = "Supporting Classes/HKWTBasicDummyPlugin.h"; sourceTree = "<group>"; };
		E1233BFF19A3089B0052217A /* HKWTBasicDummyPlugin.m */ = {isa = PBXFileReference; fileEncoding = 4; lastKnownFileType = sourcecode.c.objc; name = HKWTBasicDummyPlugin.m; path = "Supporting Classes/HKWTBasicDummyPlugin.m"; sourceTree = "<group>"; };
		E1233C0119A3090B0052217A /* HKWTControlFlowDummyPlugin.h */ = {isa = PBXFileReference; fileEncoding = 4; lastKnownFileType = sourcecode.c.h; name = HKWTControlFlowDummyPlugin.h; path = "Supporting Classes/HKWTControlFlowDummyPlugin.h"; sourceTree = "<group>"; };
		E1233C0219A3090B0052217A /* HKWTControlFlowDummyPlugin.m */ = {isa = PBXFileReference; fileEncoding = 4; lastKnownFileType = sourcecode.c.objc; name = HKWTControlFlowDummyPlugin.m; path = "Supporting Classes/HKWTControlFlowDummyPlugin.m"; sourceTree = "<group>"; };
		E1233C0519A30EC80052217A /* HKWTextViewSingleLineViewportModeTests.m */ = {isa = PBXFileReference; fileEncoding = 4; lastKnownFileType = sourcecode.c.objc; path = HKWTextViewSingleLineViewportModeTests.m; sourceTree = "<group>"; };
		E1233C0819A3C6680052217A /* HKWTextViewAttributeTransformerTests.m */ = {isa = PBXFileReference; fileEncoding = 4; lastKnownFileType = sourcecode.c.objc; path = HKWTextViewAttributeTransformerTests.m; sourceTree = "<group>"; };
		E187EE5C19E62F9100AF163A /* HKWAbstractionLayer.h */ = {isa = PBXFileReference; fileEncoding = 4; lastKnownFileType = sourcecode.c.h; name = HKWAbstractionLayer.h; path = AbstractionLayer/HKWAbstractionLayer.h; sourceTree = "<group>"; };
		E187EE5D19E62F9100AF163A /* HKWAbstractionLayer.m */ = {isa = PBXFileReference; fileEncoding = 4; lastKnownFileType = sourcecode.c.objc; name = HKWAbstractionLayer.m; path = AbstractionLayer/HKWAbstractionLayer.m; sourceTree = "<group>"; };
		E1B3086C19A2C0D60096DE0E /* _HKWPrivateConstants.h */ = {isa = PBXFileReference; fileEncoding = 4; lastKnownFileType = sourcecode.c.h; path = _HKWPrivateConstants.h; sourceTree = "<group>"; };
		E1B3086D19A2C0D60096DE0E /* _HKWTextView.h */ = {isa = PBXFileReference; fileEncoding = 4; lastKnownFileType = sourcecode.c.h; path = _HKWTextView.h; sourceTree = "<group>"; };
		E1B3086F19A2C0D60096DE0E /* HKWAttribute.h */ = {isa = PBXFileReference; fileEncoding = 4; lastKnownFileType = sourcecode.c.h; path = HKWAttribute.h; sourceTree = "<group>"; };
		E1B3087019A2C0D60096DE0E /* HKWAttribute.m */ = {isa = PBXFileReference; fileEncoding = 4; lastKnownFileType = sourcecode.c.objc; path = HKWAttribute.m; sourceTree = "<group>"; };
		E1B3087119A2C0D60096DE0E /* HKWControlFlowPluginProtocols.h */ = {isa = PBXFileReference; fileEncoding = 4; lastKnownFileType = sourcecode.c.h; path = HKWControlFlowPluginProtocols.h; sourceTree = "<group>"; };
		E1B3087219A2C0D60096DE0E /* HKWSimplePluginProtocol.h */ = {isa = PBXFileReference; fileEncoding = 4; lastKnownFileType = sourcecode.c.h; path = HKWSimplePluginProtocol.h; sourceTree = "<group>"; };
		E1B3087319A2C0D60096DE0E /* HKWTextView+Extras.h */ = {isa = PBXFileReference; fileEncoding = 4; lastKnownFileType = sourcecode.c.h; path = "HKWTextView+Extras.h"; sourceTree = "<group>"; };
		E1B3087419A2C0D60096DE0E /* HKWTextView+Extras.m */ = {isa = PBXFileReference; fileEncoding = 4; lastKnownFileType = sourcecode.c.objc; path = "HKWTextView+Extras.m"; sourceTree = "<group>"; };
		E1B3087519A2C0D60096DE0E /* HKWTextView+Plugins.h */ = {isa = PBXFileReference; fileEncoding = 4; lastKnownFileType = sourcecode.c.h; path = "HKWTextView+Plugins.h"; sourceTree = "<group>"; };
		E1B3087619A2C0D60096DE0E /* HKWTextView+Plugins.m */ = {isa = PBXFileReference; fileEncoding = 4; lastKnownFileType = sourcecode.c.objc; path = "HKWTextView+Plugins.m"; sourceTree = "<group>"; };
		E1B3087919A2C0D60096DE0E /* HKWTextView.h */ = {isa = PBXFileReference; fileEncoding = 4; lastKnownFileType = sourcecode.c.h; path = HKWTextView.h; sourceTree = "<group>"; };
		E1B3087A19A2C0D60096DE0E /* HKWTextView.m */ = {isa = PBXFileReference; fileEncoding = 4; lastKnownFileType = sourcecode.c.objc; path = HKWTextView.m; sourceTree = "<group>"; };
		E1B3087C19A2C0D60096DE0E /* HKWCustomAttributes.h */ = {isa = PBXFileReference; fileEncoding = 4; lastKnownFileType = sourcecode.c.h; path = HKWCustomAttributes.h; sourceTree = "<group>"; };
		E1B3087D19A2C0D60096DE0E /* _HKWLayoutManager.h */ = {isa = PBXFileReference; fileEncoding = 4; lastKnownFileType = sourcecode.c.h; path = _HKWLayoutManager.h; sourceTree = "<group>"; };
		E1B3087E19A2C0D60096DE0E /* HKWLayoutManager.m */ = {isa = PBXFileReference; fileEncoding = 4; lastKnownFileType = sourcecode.c.objc; path = HKWLayoutManager.m; sourceTree = "<group>"; };
		E1B3087F19A2C0D60096DE0E /* HKWRoundedRectBackgroundAttributeValue.h */ = {isa = PBXFileReference; fileEncoding = 4; lastKnownFileType = sourcecode.c.h; path = HKWRoundedRectBackgroundAttributeValue.h; sourceTree = "<group>"; };
		E1B3088019A2C0D60096DE0E /* HKWRoundedRectBackgroundAttributeValue.m */ = {isa = PBXFileReference; fileEncoding = 4; lastKnownFileType = sourcecode.c.objc; path = HKWRoundedRectBackgroundAttributeValue.m; sourceTree = "<group>"; };
		E1B3088A19A2C1890096DE0E /* HKWMentionsAttribute.h */ = {isa = PBXFileReference; fileEncoding = 4; lastKnownFileType = sourcecode.c.h; name = HKWMentionsAttribute.h; path = Mentions/HKWMentionsAttribute.h; sourceTree = "<group>"; };
		E1B3088B19A2C1890096DE0E /* HKWMentionsAttribute.m */ = {isa = PBXFileReference; fileEncoding = 4; lastKnownFileType = sourcecode.c.objc; name = HKWMentionsAttribute.m; path = Mentions/HKWMentionsAttribute.m; sourceTree = "<group>"; };
		E1B3088E19A2C1890096DE0E /* HKWMentionsEntityProtocol.h */ = {isa = PBXFileReference; fileEncoding = 4; lastKnownFileType = sourcecode.c.h; name = HKWMentionsEntityProtocol.h; path = Mentions/HKWMentionsEntityProtocol.h; sourceTree = "<group>"; };
		E1B3088F19A2C1890096DE0E /* HKWMentionsPlugin.h */ = {isa = PBXFileReference; fileEncoding = 4; lastKnownFileType = sourcecode.c.h; name = HKWMentionsPlugin.h; path = Mentions/HKWMentionsPlugin.h; sourceTree = "<group>"; };
		E1B3089119A2C1890096DE0E /* _HKWMentionsStartDetectionStateMachine.h */ = {isa = PBXFileReference; fileEncoding = 4; lastKnownFileType = sourcecode.c.h; name = _HKWMentionsStartDetectionStateMachine.h; path = Mentions/_HKWMentionsStartDetectionStateMachine.h; sourceTree = "<group>"; };
		E1B3089219A2C1890096DE0E /* HKWMentionsStartDetectionStateMachine.m */ = {isa = PBXFileReference; fileEncoding = 4; lastKnownFileType = sourcecode.c.objc; name = HKWMentionsStartDetectionStateMachine.m; path = Mentions/HKWMentionsStartDetectionStateMachine.m; sourceTree = "<group>"; };
		E1B3089919A2C21A0096DE0E /* _HKWDefaultChooserArrowView.h */ = {isa = PBXFileReference; fileEncoding = 4; lastKnownFileType = sourcecode.c.h; path = _HKWDefaultChooserArrowView.h; sourceTree = "<group>"; };
		E1B3089A19A2C21A0096DE0E /* HKWDefaultChooserArrowView.m */ = {isa = PBXFileReference; fileEncoding = 4; lastKnownFileType = sourcecode.c.objc; path = HKWDefaultChooserArrowView.m; sourceTree = "<group>"; };
		E1B3089B19A2C21A0096DE0E /* _HKWDefaultChooserBorderView.h */ = {isa = PBXFileReference; fileEncoding = 4; lastKnownFileType = sourcecode.c.h; path = _HKWDefaultChooserBorderView.h; sourceTree = "<group>"; };
		E1B3089C19A2C21A0096DE0E /* HKWDefaultChooserBorderView.m */ = {isa = PBXFileReference; fileEncoding = 4; lastKnownFileType = sourcecode.c.objc; path = HKWDefaultChooserBorderView.m; sourceTree = "<group>"; };
		E1B3089F19A2C21A0096DE0E /* _HKWDefaultChooserView.h */ = {isa = PBXFileReference; fileEncoding = 4; lastKnownFileType = sourcecode.c.h; path = _HKWDefaultChooserView.h; sourceTree = "<group>"; };
		E1B308A019A2C21A0096DE0E /* HKWDefaultChooserView.m */ = {isa = PBXFileReference; fileEncoding = 4; lastKnownFileType = sourcecode.c.objc; path = HKWDefaultChooserView.m; sourceTree = "<group>"; };
		E1B308A319A2C21A0096DE0E /* HKWChooserViewProtocol.h */ = {isa = PBXFileReference; fileEncoding = 4; lastKnownFileType = sourcecode.c.h; path = HKWChooserViewProtocol.h; sourceTree = "<group>"; };
		E1B308A919A2CC0F0096DE0E /* _HKWMentionsPrivateConstants.h */ = {isa = PBXFileReference; lastKnownFileType = sourcecode.c.h; name = _HKWMentionsPrivateConstants.h; path = Mentions/_HKWMentionsPrivateConstants.h; sourceTree = "<group>"; };
		E1C9675C19A2A66000A4AA93 /* libHakawai.a */ = {isa = PBXFileReference; explicitFileType = archive.ar; includeInIndex = 0; path = libHakawai.a; sourceTree = BUILT_PRODUCTS_DIR; };
		E1C9675F19A2A66000A4AA93 /* Foundation.framework */ = {isa = PBXFileReference; lastKnownFileType = wrapper.framework; name = Foundation.framework; path = System/Library/Frameworks/Foundation.framework; sourceTree = SDKROOT; };
		E1C9676319A2A66000A4AA93 /* Hakawai-Prefix.pch */ = {isa = PBXFileReference; lastKnownFileType = sourcecode.c.h; path = "Hakawai-Prefix.pch"; sourceTree = "<group>"; };
		E1C9676C19A2A66000A4AA93 /* HakawaiTests.xctest */ = {isa = PBXFileReference; explicitFileType = wrapper.cfbundle; includeInIndex = 0; path = HakawaiTests.xctest; sourceTree = BUILT_PRODUCTS_DIR; };
		E1C9676D19A2A66000A4AA93 /* XCTest.framework */ = {isa = PBXFileReference; lastKnownFileType = wrapper.framework; name = XCTest.framework; path = Library/Frameworks/XCTest.framework; sourceTree = DEVELOPER_DIR; };
		E1C9677019A2A66000A4AA93 /* UIKit.framework */ = {isa = PBXFileReference; lastKnownFileType = wrapper.framework; name = UIKit.framework; path = Library/Frameworks/UIKit.framework; sourceTree = DEVELOPER_DIR; };
		E1C9677719A2A66000A4AA93 /* HakawaiTests-Info.plist */ = {isa = PBXFileReference; lastKnownFileType = text.plist.xml; path = "HakawaiTests-Info.plist"; sourceTree = "<group>"; };
		E1C9677919A2A66000A4AA93 /* en */ = {isa = PBXFileReference; lastKnownFileType = text.plist.strings; name = en; path = en.lproj/InfoPlist.strings; sourceTree = "<group>"; };
		E1D5501619A2EDF9001DCF1F /* HKWTextViewExtrasTests.m */ = {isa = PBXFileReference; fileEncoding = 4; lastKnownFileType = sourcecode.c.objc; path = HKWTextViewExtrasTests.m; sourceTree = "<group>"; };
		E1D5501919A2F479001DCF1F /* HKWTextViewAutoXTests.m */ = {isa = PBXFileReference; fileEncoding = 4; lastKnownFileType = sourcecode.c.objc; path = HKWTextViewAutoXTests.m; sourceTree = "<group>"; };
		E1D5501C19A2F77A001DCF1F /* HKWTextViewAccessoryViewTests.m */ = {isa = PBXFileReference; fileEncoding = 4; lastKnownFileType = sourcecode.c.objc; path = HKWTextViewAccessoryViewTests.m; sourceTree = "<group>"; };
		E1DC1F8C19A2D38B00BCF8C7 /* HKWTextViewTextTransformerTests.m */ = {isa = PBXFileReference; fileEncoding = 4; lastKnownFileType = sourcecode.c.objc; path = HKWTextViewTextTransformerTests.m; sourceTree = "<group>"; };
/* End PBXFileReference section */

/* Begin PBXFrameworksBuildPhase section */
		E1C9675919A2A66000A4AA93 /* Frameworks */ = {
			isa = PBXFrameworksBuildPhase;
			buildActionMask = 2147483647;
			files = (
				E1C9676019A2A66000A4AA93 /* Foundation.framework in Frameworks */,
				77004FD7B4A6E9EDAD723CA9 /* libPods-Hakawai.a in Frameworks */,
			);
			runOnlyForDeploymentPostprocessing = 0;
		};
		E1C9676919A2A66000A4AA93 /* Frameworks */ = {
			isa = PBXFrameworksBuildPhase;
			buildActionMask = 2147483647;
			files = (
				E1C9677419A2A66000A4AA93 /* libHakawai.a in Frameworks */,
				E1C9676E19A2A66000A4AA93 /* XCTest.framework in Frameworks */,
				E1C9677119A2A66000A4AA93 /* UIKit.framework in Frameworks */,
				E1C9676F19A2A66000A4AA93 /* Foundation.framework in Frameworks */,
				F8AB7CC9488708A5986C384E /* libPods-HakawaiTests.a in Frameworks */,
			);
			runOnlyForDeploymentPostprocessing = 0;
		};
/* End PBXFrameworksBuildPhase section */

/* Begin PBXGroup section */
		160470F871C18676339D58A7 /* Pods */ = {
			isa = PBXGroup;
			children = (
				C7279F7F7F1F30EF0603FB9B /* Pods-Hakawai.debug.xcconfig */,
				B05DA0DBC0625091FC4456C0 /* Pods-Hakawai.release.xcconfig */,
				91FF0C96BCF39C932C98A368 /* Pods-HakawaiTests.debug.xcconfig */,
				310429A28E50270CAF668021 /* Pods-HakawaiTests.release.xcconfig */,
			);
			name = Pods;
			sourceTree = "<group>";
		};
		E1233BFD19A308790052217A /* Supporting Classes */ = {
			isa = PBXGroup;
			children = (
				E1233BFE19A3089B0052217A /* HKWTBasicDummyPlugin.h */,
				B149A6402106294C00AFEAFB /* HKWTDummyMentionEntity.h */,
				B149A6422106294C00AFEAFB /* HKWTDummyMentionEntity.m */,
				B149A6412106294C00AFEAFB /* HKWTDummyMentionsManager.h */,
				B149A63F2106294C00AFEAFB /* HKWTDummyMentionsManager.m */,
				E1233BFF19A3089B0052217A /* HKWTBasicDummyPlugin.m */,
				E1233C0119A3090B0052217A /* HKWTControlFlowDummyPlugin.h */,
				E1233C0219A3090B0052217A /* HKWTControlFlowDummyPlugin.m */,
			);
			name = "Supporting Classes";
			sourceTree = "<group>";
		};
		E187EE5B19E62F6B00AF163A /* AbstractionLayer */ = {
			isa = PBXGroup;
			children = (
				E187EE5C19E62F9100AF163A /* HKWAbstractionLayer.h */,
				E187EE5D19E62F9100AF163A /* HKWAbstractionLayer.m */,
			);
			name = AbstractionLayer;
			sourceTree = "<group>";
		};
		E1B3086B19A2C0D60096DE0E /* Core */ = {
			isa = PBXGroup;
			children = (
				E1B3086C19A2C0D60096DE0E /* _HKWPrivateConstants.h */,
				E1B3087219A2C0D60096DE0E /* HKWSimplePluginProtocol.h */,
				E1B3087119A2C0D60096DE0E /* HKWControlFlowPluginProtocols.h */,
				E1B3087919A2C0D60096DE0E /* HKWTextView.h */,
				E1B3086D19A2C0D60096DE0E /* _HKWTextView.h */,
				E1B3087A19A2C0D60096DE0E /* HKWTextView.m */,
				E11DF8CF19EC8DA30072F4AD /* HKWTextView+TextTransformation.h */,
				E11DF8D019EC8DA30072F4AD /* HKWTextView+TextTransformation.m */,
				E1B3087319A2C0D60096DE0E /* HKWTextView+Extras.h */,
				E1B3087419A2C0D60096DE0E /* HKWTextView+Extras.m */,
				E1B3087519A2C0D60096DE0E /* HKWTextView+Plugins.h */,
				E1B3087619A2C0D60096DE0E /* HKWTextView+Plugins.m */,
				E1B3086F19A2C0D60096DE0E /* HKWAttribute.h */,
				E1B3087019A2C0D60096DE0E /* HKWAttribute.m */,
				E187EE5B19E62F6B00AF163A /* AbstractionLayer */,
				E1B3087B19A2C0D60096DE0E /* TextKit */,
			);
			path = Core;
			sourceTree = "<group>";
		};
		E1B3087B19A2C0D60096DE0E /* TextKit */ = {
			isa = PBXGroup;
			children = (
				E1B3087C19A2C0D60096DE0E /* HKWCustomAttributes.h */,
				75C5C0E9222D9A2400607020 /* HKWCustomAttributes.m */,
				E1B3087D19A2C0D60096DE0E /* _HKWLayoutManager.h */,
				E1B3087E19A2C0D60096DE0E /* HKWLayoutManager.m */,
				E1B3087F19A2C0D60096DE0E /* HKWRoundedRectBackgroundAttributeValue.h */,
				E1B3088019A2C0D60096DE0E /* HKWRoundedRectBackgroundAttributeValue.m */,
			);
			path = TextKit;
			sourceTree = "<group>";
		};
		E1B3088819A2C1140096DE0E /* Mentions */ = {
			isa = PBXGroup;
			children = (
				E1B308A919A2CC0F0096DE0E /* _HKWMentionsPrivateConstants.h */,
				E1B3088E19A2C1890096DE0E /* HKWMentionsEntityProtocol.h */,
				E1B3088F19A2C1890096DE0E /* HKWMentionsPlugin.h */,
				8B5E140F25A313AA0044A675 /* HKWMentionsCreationStateMachineProtocol.h */,
				DBA02B9124C23EB2000C7F79 /* HKWMentionsDefaultChooserViewDelegate.h */,
				DBA02B9024C23EA1000C7F79 /* HKWMentionsCustomChooserViewDelegate.h */,
				DBF74CF024C9395B00B42B96 /* _HKWMentionsCreationStateMachine.h */,
				8B5E140E25A313AA0044A675 /* HKWMentionsCreationStateMachine.m */,
				E1B3088A19A2C1890096DE0E /* HKWMentionsAttribute.h */,
				E1B3088B19A2C1890096DE0E /* HKWMentionsAttribute.m */,
				E1B3089119A2C1890096DE0E /* _HKWMentionsStartDetectionStateMachine.h */,
				E1B3089219A2C1890096DE0E /* HKWMentionsStartDetectionStateMachine.m */,
				DBF74CEC24C8DA5500B42B96 /* HKWMentionDataProvider.h */,
				DB8802B1249D498900BE185F /* HKWMentionDataProvider.m */,
				7B2F035124E366C200C98454 /* HKWMentionsPluginV1.h */,
				7B2F035024E366C200C98454 /* HKWMentionsPluginV1.m */,
				7B2F035224E366C200C98454 /* HKWMentionsPluginV2.h */,
				7B2F035324E366C300C98454 /* HKWMentionsPluginV2.m */,
			);
			name = Mentions;
			sourceTree = "<group>";
		};
		E1B3089719A2C1DB0096DE0E /* ChooserView */ = {
			isa = PBXGroup;
			children = (
				E1B3089819A2C21A0096DE0E /* Default */,
				E1B308A319A2C21A0096DE0E /* HKWChooserViewProtocol.h */,
			);
			name = ChooserView;
			path = Core;
			sourceTree = "<group>";
		};
		E1B3089819A2C21A0096DE0E /* Default */ = {
			isa = PBXGroup;
			children = (
				E1B3089F19A2C21A0096DE0E /* _HKWDefaultChooserView.h */,
				E1B308A019A2C21A0096DE0E /* HKWDefaultChooserView.m */,
				E1B3089919A2C21A0096DE0E /* _HKWDefaultChooserArrowView.h */,
				E1B3089A19A2C21A0096DE0E /* HKWDefaultChooserArrowView.m */,
				E1B3089B19A2C21A0096DE0E /* _HKWDefaultChooserBorderView.h */,
				E1B3089C19A2C21A0096DE0E /* HKWDefaultChooserBorderView.m */,
			);
			path = Default;
			sourceTree = "<group>";
		};
		E1C9675319A2A66000A4AA93 = {
			isa = PBXGroup;
			children = (
				E1C9676119A2A66000A4AA93 /* Hakawai */,
				E1C9677519A2A66000A4AA93 /* HakawaiTests */,
				E1C9675E19A2A66000A4AA93 /* Frameworks */,
				E1C9675D19A2A66000A4AA93 /* Products */,
				160470F871C18676339D58A7 /* Pods */,
			);
			sourceTree = "<group>";
		};
		E1C9675D19A2A66000A4AA93 /* Products */ = {
			isa = PBXGroup;
			children = (
				E1C9675C19A2A66000A4AA93 /* libHakawai.a */,
				E1C9676C19A2A66000A4AA93 /* HakawaiTests.xctest */,
			);
			name = Products;
			sourceTree = "<group>";
		};
		E1C9675E19A2A66000A4AA93 /* Frameworks */ = {
			isa = PBXGroup;
			children = (
				E1C9675F19A2A66000A4AA93 /* Foundation.framework */,
				E1C9676D19A2A66000A4AA93 /* XCTest.framework */,
				E1C9677019A2A66000A4AA93 /* UIKit.framework */,
				6238CF1B85D9D08466AD7A9C /* libPods-Hakawai.a */,
				108C7818835593A0608E8CD0 /* libPods-HakawaiTests.a */,
			);
			name = Frameworks;
			sourceTree = "<group>";
		};
		E1C9676119A2A66000A4AA93 /* Hakawai */ = {
			isa = PBXGroup;
			children = (
				44A295D822134C7600B73558 /* Hakawai.debug.xcconfig */,
				44A295D922134C7600B73558 /* Hakawai.release.xcconfig */,
				44A295D722124BAB00B73558 /* Hakawai.common.xcconfig */,
				44A295D52212320C00B73558 /* Hakawai.common.warnings.xcconfig */,
				E1B3088819A2C1140096DE0E /* Mentions */,
				E1B3086B19A2C0D60096DE0E /* Core */,
				E1B3089719A2C1DB0096DE0E /* ChooserView */,
				E1C9676219A2A66000A4AA93 /* Supporting Files */,
			);
			path = Hakawai;
			sourceTree = "<group>";
		};
		E1C9676219A2A66000A4AA93 /* Supporting Files */ = {
			isa = PBXGroup;
			children = (
				E1C9676319A2A66000A4AA93 /* Hakawai-Prefix.pch */,
			);
			name = "Supporting Files";
			sourceTree = "<group>";
		};
		E1C9677519A2A66000A4AA93 /* HakawaiTests */ = {
			isa = PBXGroup;
			children = (
				9C65FBC61F607DEB004A9CB4 /* HKWLayoutManagerTests.m */,
				9C65FBC71F607DEB004A9CB4 /* HKWMentionsPluginTests.m */,
				E1233BFB19A303620052217A /* HKWTextViewPluginTests.m */,
				E1D5501919A2F479001DCF1F /* HKWTextViewAutoXTests.m */,
				E1D5501619A2EDF9001DCF1F /* HKWTextViewExtrasTests.m */,
				E1DC1F8C19A2D38B00BCF8C7 /* HKWTextViewTextTransformerTests.m */,
				E1233C0819A3C6680052217A /* HKWTextViewAttributeTransformerTests.m */,
				E1233C0519A30EC80052217A /* HKWTextViewSingleLineViewportModeTests.m */,
				E1D5501C19A2F77A001DCF1F /* HKWTextViewAccessoryViewTests.m */,
				B149A63D2106291D00AFEAFB /* HKWMentionsCreationStateMachineTest.m */,
				E1233BFD19A308790052217A /* Supporting Classes */,
				E1C9677619A2A66000A4AA93 /* Supporting Files */,
			);
			path = HakawaiTests;
			sourceTree = "<group>";
		};
		E1C9677619A2A66000A4AA93 /* Supporting Files */ = {
			isa = PBXGroup;
			children = (
				E1C9677719A2A66000A4AA93 /* HakawaiTests-Info.plist */,
				E1C9677819A2A66000A4AA93 /* InfoPlist.strings */,
			);
			name = "Supporting Files";
			sourceTree = "<group>";
		};
/* End PBXGroup section */

/* Begin PBXNativeTarget section */
		E1C9675B19A2A66000A4AA93 /* Hakawai */ = {
			isa = PBXNativeTarget;
			buildConfigurationList = E1C9677F19A2A66000A4AA93 /* Build configuration list for PBXNativeTarget "Hakawai" */;
			buildPhases = (
				63921F105064BA327E062814 /* [CP] Check Pods Manifest.lock */,
				E1C9675819A2A66000A4AA93 /* Sources */,
				E1C9675919A2A66000A4AA93 /* Frameworks */,
				E1C9675A19A2A66000A4AA93 /* CopyFiles */,
			);
			buildRules = (
			);
			dependencies = (
			);
			name = Hakawai;
			productName = Hakawai;
			productReference = E1C9675C19A2A66000A4AA93 /* libHakawai.a */;
			productType = "com.apple.product-type.library.static";
		};
		E1C9676B19A2A66000A4AA93 /* HakawaiTests */ = {
			isa = PBXNativeTarget;
			buildConfigurationList = E1C9678219A2A66000A4AA93 /* Build configuration list for PBXNativeTarget "HakawaiTests" */;
			buildPhases = (
				2A58DB91DACF8DAA85F392E3 /* [CP] Check Pods Manifest.lock */,
				E1C9676819A2A66000A4AA93 /* Sources */,
				E1C9676919A2A66000A4AA93 /* Frameworks */,
				E1C9676A19A2A66000A4AA93 /* Resources */,
			);
			buildRules = (
			);
			dependencies = (
				E1C9677319A2A66000A4AA93 /* PBXTargetDependency */,
			);
			name = HakawaiTests;
			productName = HakawaiTests;
			productReference = E1C9676C19A2A66000A4AA93 /* HakawaiTests.xctest */;
			productType = "com.apple.product-type.bundle.unit-test";
		};
/* End PBXNativeTarget section */

/* Begin PBXProject section */
		E1C9675419A2A66000A4AA93 /* Project object */ = {
			isa = PBXProject;
			attributes = {
				LastUpgradeCheck = 0510;
				ORGANIZATIONNAME = LinkedIn;
				TargetAttributes = {
					E1C9676B19A2A66000A4AA93 = {
						TestTargetID = E1C9675B19A2A66000A4AA93;
					};
				};
			};
			buildConfigurationList = E1C9675719A2A66000A4AA93 /* Build configuration list for PBXProject "Hakawai" */;
			compatibilityVersion = "Xcode 3.2";
			developmentRegion = English;
			hasScannedForEncodings = 0;
			knownRegions = (
				English,
				en,
			);
			mainGroup = E1C9675319A2A66000A4AA93;
			productRefGroup = E1C9675D19A2A66000A4AA93 /* Products */;
			projectDirPath = "";
			projectRoot = "";
			targets = (
				E1C9675B19A2A66000A4AA93 /* Hakawai */,
				E1C9676B19A2A66000A4AA93 /* HakawaiTests */,
			);
		};
/* End PBXProject section */

/* Begin PBXResourcesBuildPhase section */
		E1C9676A19A2A66000A4AA93 /* Resources */ = {
			isa = PBXResourcesBuildPhase;
			buildActionMask = 2147483647;
			files = (
				E1C9677A19A2A66000A4AA93 /* InfoPlist.strings in Resources */,
			);
			runOnlyForDeploymentPostprocessing = 0;
		};
/* End PBXResourcesBuildPhase section */

/* Begin PBXShellScriptBuildPhase section */
		2A58DB91DACF8DAA85F392E3 /* [CP] Check Pods Manifest.lock */ = {
			isa = PBXShellScriptBuildPhase;
			buildActionMask = 2147483647;
			files = (
			);
			inputFileListPaths = (
			);
			inputPaths = (
				"${PODS_PODFILE_DIR_PATH}/Podfile.lock",
				"${PODS_ROOT}/Manifest.lock",
			);
			name = "[CP] Check Pods Manifest.lock";
			outputFileListPaths = (
			);
			outputPaths = (
				"$(DERIVED_FILE_DIR)/Pods-HakawaiTests-checkManifestLockResult.txt",
			);
			runOnlyForDeploymentPostprocessing = 0;
			shellPath = /bin/sh;
			shellScript = "diff \"${PODS_PODFILE_DIR_PATH}/Podfile.lock\" \"${PODS_ROOT}/Manifest.lock\" > /dev/null\nif [ $? != 0 ] ; then\n    # print error to STDERR\n    echo \"error: The sandbox is not in sync with the Podfile.lock. Run 'pod install' or update your CocoaPods installation.\" >&2\n    exit 1\nfi\n# This output is used by Xcode 'outputs' to avoid re-running this script phase.\necho \"SUCCESS\" > \"${SCRIPT_OUTPUT_FILE_0}\"\n";
			showEnvVarsInLog = 0;
		};
		63921F105064BA327E062814 /* [CP] Check Pods Manifest.lock */ = {
			isa = PBXShellScriptBuildPhase;
			buildActionMask = 2147483647;
			files = (
			);
			inputFileListPaths = (
			);
			inputPaths = (
				"${PODS_PODFILE_DIR_PATH}/Podfile.lock",
				"${PODS_ROOT}/Manifest.lock",
			);
			name = "[CP] Check Pods Manifest.lock";
			outputFileListPaths = (
			);
			outputPaths = (
				"$(DERIVED_FILE_DIR)/Pods-Hakawai-checkManifestLockResult.txt",
			);
			runOnlyForDeploymentPostprocessing = 0;
			shellPath = /bin/sh;
			shellScript = "diff \"${PODS_PODFILE_DIR_PATH}/Podfile.lock\" \"${PODS_ROOT}/Manifest.lock\" > /dev/null\nif [ $? != 0 ] ; then\n    # print error to STDERR\n    echo \"error: The sandbox is not in sync with the Podfile.lock. Run 'pod install' or update your CocoaPods installation.\" >&2\n    exit 1\nfi\n# This output is used by Xcode 'outputs' to avoid re-running this script phase.\necho \"SUCCESS\" > \"${SCRIPT_OUTPUT_FILE_0}\"\n";
			showEnvVarsInLog = 0;
		};
/* End PBXShellScriptBuildPhase section */

/* Begin PBXSourcesBuildPhase section */
		E1C9675819A2A66000A4AA93 /* Sources */ = {
			isa = PBXSourcesBuildPhase;
			buildActionMask = 2147483647;
			files = (
				8B5E141025A313AA0044A675 /* HKWMentionsCreationStateMachine.m in Sources */,
				E1B3089619A2C1890096DE0E /* HKWMentionsStartDetectionStateMachine.m in Sources */,
				E187EE5E19E62F9100AF163A /* HKWAbstractionLayer.m in Sources */,
				E1B3088519A2C0D60096DE0E /* HKWTextView.m in Sources */,
				E1B3088719A2C0D60096DE0E /* HKWRoundedRectBackgroundAttributeValue.m in Sources */,
				E1B3088119A2C0D60096DE0E /* HKWAttribute.m in Sources */,
				E1B308A519A2C21A0096DE0E /* HKWDefaultChooserBorderView.m in Sources */,
				E11DF8D119EC8DA30072F4AD /* HKWTextView+TextTransformation.m in Sources */,
				E1B3088619A2C0D60096DE0E /* HKWLayoutManager.m in Sources */,
				E1B3088219A2C0D60096DE0E /* HKWTextView+Extras.m in Sources */,
				7B2F035424E366C300C98454 /* HKWMentionsPluginV1.m in Sources */,
				7B2F035524E366C300C98454 /* HKWMentionsPluginV2.m in Sources */,
				E1B308A719A2C21A0096DE0E /* HKWDefaultChooserView.m in Sources */,
				DB8802B2249D498900BE185F /* HKWMentionDataProvider.m in Sources */,
				75C5C0EA222D9A2400607020 /* HKWCustomAttributes.m in Sources */,
				E1B3088319A2C0D60096DE0E /* HKWTextView+Plugins.m in Sources */,
				E1B308A419A2C21A0096DE0E /* HKWDefaultChooserArrowView.m in Sources */,
				E1B3089319A2C1890096DE0E /* HKWMentionsAttribute.m in Sources */,
			);
			runOnlyForDeploymentPostprocessing = 0;
		};
		E1C9676819A2A66000A4AA93 /* Sources */ = {
			isa = PBXSourcesBuildPhase;
			buildActionMask = 2147483647;
			files = (
				9C65FBC81F607DEB004A9CB4 /* HKWLayoutManagerTests.m in Sources */,
				9C65FBC91F607DEB004A9CB4 /* HKWMentionsPluginTests.m in Sources */,
				B149A6442106294C00AFEAFB /* HKWTDummyMentionEntity.m in Sources */,
				B149A63E2106291D00AFEAFB /* HKWMentionsCreationStateMachineTest.m in Sources */,
				E1233C0919A3C6680052217A /* HKWTextViewAttributeTransformerTests.m in Sources */,
				E1DC1F8D19A2D38B00BCF8C7 /* HKWTextViewTextTransformerTests.m in Sources */,
				E1D5501719A2EDF9001DCF1F /* HKWTextViewExtrasTests.m in Sources */,
				E1233BFC19A303620052217A /* HKWTextViewPluginTests.m in Sources */,
				B149A6432106294C00AFEAFB /* HKWTDummyMentionsManager.m in Sources */,
				E1D5501D19A2F77A001DCF1F /* HKWTextViewAccessoryViewTests.m in Sources */,
				E1233C0019A3089B0052217A /* HKWTBasicDummyPlugin.m in Sources */,
				E1D5501A19A2F479001DCF1F /* HKWTextViewAutoXTests.m in Sources */,
				E1233C0619A30EC80052217A /* HKWTextViewSingleLineViewportModeTests.m in Sources */,
				E1233C0319A3090B0052217A /* HKWTControlFlowDummyPlugin.m in Sources */,
			);
			runOnlyForDeploymentPostprocessing = 0;
		};
/* End PBXSourcesBuildPhase section */

/* Begin PBXTargetDependency section */
		E1C9677319A2A66000A4AA93 /* PBXTargetDependency */ = {
			isa = PBXTargetDependency;
			target = E1C9675B19A2A66000A4AA93 /* Hakawai */;
			targetProxy = E1C9677219A2A66000A4AA93 /* PBXContainerItemProxy */;
		};
/* End PBXTargetDependency section */

/* Begin PBXVariantGroup section */
		E1C9677819A2A66000A4AA93 /* InfoPlist.strings */ = {
			isa = PBXVariantGroup;
			children = (
				E1C9677919A2A66000A4AA93 /* en */,
			);
			name = InfoPlist.strings;
			sourceTree = "<group>";
		};
/* End PBXVariantGroup section */

/* Begin XCBuildConfiguration section */
		E1C9677D19A2A66000A4AA93 /* Debug */ = {
			isa = XCBuildConfiguration;
			baseConfigurationReference = 44A295D822134C7600B73558 /* Hakawai.debug.xcconfig */;
			buildSettings = {
				GCC_OPTIMIZATION_LEVEL = 0;
				GCC_PREPROCESSOR_DEFINITIONS = (
					"DEBUG=1",
					"$(inherited)",
				);
			};
			name = Debug;
		};
		E1C9677E19A2A66000A4AA93 /* Release */ = {
			isa = XCBuildConfiguration;
			baseConfigurationReference = 44A295D922134C7600B73558 /* Hakawai.release.xcconfig */;
			buildSettings = {
				GCC_OPTIMIZATION_LEVEL = s;
			};
			name = Release;
		};
		E1C9678019A2A66000A4AA93 /* Debug */ = {
			isa = XCBuildConfiguration;
			baseConfigurationReference = C7279F7F7F1F30EF0603FB9B /* Pods-Hakawai.debug.xcconfig */;
			buildSettings = {
				DSTROOT = /tmp/Hakawai.dst;
				GCC_OPTIMIZATION_LEVEL = 0;
				GCC_PRECOMPILE_PREFIX_HEADER = YES;
				GCC_PREFIX_HEADER = "Hakawai/Hakawai-Prefix.pch";
				GCC_TREAT_WARNINGS_AS_ERRORS = YES;
				PRODUCT_NAME = "$(TARGET_NAME)";
				SKIP_INSTALL = YES;
			};
			name = Debug;
		};
		E1C9678119A2A66000A4AA93 /* Release */ = {
			isa = XCBuildConfiguration;
			baseConfigurationReference = B05DA0DBC0625091FC4456C0 /* Pods-Hakawai.release.xcconfig */;
			buildSettings = {
				DSTROOT = /tmp/Hakawai.dst;
				GCC_OPTIMIZATION_LEVEL = s;
				GCC_PRECOMPILE_PREFIX_HEADER = YES;
				GCC_PREFIX_HEADER = "Hakawai/Hakawai-Prefix.pch";
				GCC_TREAT_WARNINGS_AS_ERRORS = YES;
				PRODUCT_NAME = "$(TARGET_NAME)";
				SKIP_INSTALL = YES;
			};
			name = Release;
		};
		E1C9678319A2A66000A4AA93 /* Debug */ = {
			isa = XCBuildConfiguration;
			baseConfigurationReference = 91FF0C96BCF39C932C98A368 /* Pods-HakawaiTests.debug.xcconfig */;
			buildSettings = {
				FRAMEWORK_SEARCH_PATHS = (
					"$(SDKROOT)/Developer/Library/Frameworks",
					"$(inherited)",
					"$(DEVELOPER_FRAMEWORKS_DIR)",
				);
				GCC_OPTIMIZATION_LEVEL = 0;
				GCC_PRECOMPILE_PREFIX_HEADER = YES;
				GCC_PREFIX_HEADER = "Hakawai/Hakawai-Prefix.pch";
				INFOPLIST_FILE = "HakawaiTests/HakawaiTests-Info.plist";
				PRODUCT_NAME = "$(TARGET_NAME)";
				WRAPPER_EXTENSION = xctest;
			};
			name = Debug;
		};
		E1C9678419A2A66000A4AA93 /* Release */ = {
			isa = XCBuildConfiguration;
			baseConfigurationReference = 310429A28E50270CAF668021 /* Pods-HakawaiTests.release.xcconfig */;
			buildSettings = {
				FRAMEWORK_SEARCH_PATHS = (
					"$(SDKROOT)/Developer/Library/Frameworks",
					"$(inherited)",
					"$(DEVELOPER_FRAMEWORKS_DIR)",
				);
				GCC_OPTIMIZATION_LEVEL = s;
				GCC_PRECOMPILE_PREFIX_HEADER = YES;
				GCC_PREFIX_HEADER = "Hakawai/Hakawai-Prefix.pch";
				INFOPLIST_FILE = "HakawaiTests/HakawaiTests-Info.plist";
				PRODUCT_NAME = "$(TARGET_NAME)";
				WRAPPER_EXTENSION = xctest;
			};
			name = Release;
		};
/* End XCBuildConfiguration section */

/* Begin XCConfigurationList section */
		E1C9675719A2A66000A4AA93 /* Build configuration list for PBXProject "Hakawai" */ = {
			isa = XCConfigurationList;
			buildConfigurations = (
				E1C9677D19A2A66000A4AA93 /* Debug */,
				E1C9677E19A2A66000A4AA93 /* Release */,
			);
			defaultConfigurationIsVisible = 0;
			defaultConfigurationName = Release;
		};
		E1C9677F19A2A66000A4AA93 /* Build configuration list for PBXNativeTarget "Hakawai" */ = {
			isa = XCConfigurationList;
			buildConfigurations = (
				E1C9678019A2A66000A4AA93 /* Debug */,
				E1C9678119A2A66000A4AA93 /* Release */,
			);
			defaultConfigurationIsVisible = 0;
			defaultConfigurationName = Release;
		};
		E1C9678219A2A66000A4AA93 /* Build configuration list for PBXNativeTarget "HakawaiTests" */ = {
			isa = XCConfigurationList;
			buildConfigurations = (
				E1C9678319A2A66000A4AA93 /* Debug */,
				E1C9678419A2A66000A4AA93 /* Release */,
			);
			defaultConfigurationIsVisible = 0;
			defaultConfigurationName = Release;
		};
/* End XCConfigurationList section */
	};
	rootObject = E1C9675419A2A66000A4AA93 /* Project object */;
}
