PODS:
  - Hakawai (5.1.4):
    - Hakawai/Core (= 5.1.4)
    - Hakawai/Mentions (= 5.1.4)
  - Hakawai/Core (5.1.4)
  - Hakawai/Mentions (5.1.4):
    - Hakawai/Core

DEPENDENCIES:
  - Hakawai

SPEC CHECKSUMS:
  Hakawai: b525498fdef6485445127d615a65cbee5f0cfea2

PODFILE CHECKSUM: 8afb544880f2856932d1fd9950c29e8e1627c5ba

COCOAPODS: 1.3.1
